dependencies:
- name: kube-prometheus-stack
  repository: https://prometheus-community.github.io/helm-charts
  version: 60.0.1
- name: loki
  repository: https://grafana.github.io/helm-charts
  version: 6.6.2
- name: alloy
  repository: https://grafana.github.io/helm-charts
  version: 0.5.0
digest: sha256:febad6b3dca1313de180d023472b055a6b2eb51fda147b93e93602c1ac2a28c7
generated: "2026-05-18T01:10:00.082933115Z"
